<?xml version="1.0" encoding="utf-8"?>
<Project xmlns="http://schemas.microsoft.com/developer/msbuild/2003">
  <ItemGroup>
    <Filter Include="Form Files">
      <UniqueIdentifier>{99349809-55BA-4b9d-BF79-8FDBB0286EB3}</UniqueIdentifier>
      <Extensions>ui</Extensions>
      <ParseFiles>false</ParseFiles>
    </Filter>
    <Filter Include="Form Files">
      <UniqueIdentifier>{99349809-55BA-4b9d-BF79-8FDBB0286EB3}</UniqueIdentifier>
      <Extensions>ui</Extensions>
      <ParseFiles>false</ParseFiles>
    </Filter>
    <Filter Include="Generated Files">
      <UniqueIdentifier>{71ED8ED8-ACB9-4CE9-BBE1-E00B30144E11}</UniqueIdentifier>
      <Extensions>cpp;c;cxx;moc;h;def;odl;idl;res;</Extensions>
    </Filter>
    <Filter Include="Generated Files">
      <UniqueIdentifier>{71ED8ED8-ACB9-4CE9-BBE1-E00B30144E11}</UniqueIdentifier>
      <Extensions>cpp;c;cxx;moc;h;def;odl;idl;res;</Extensions>
    </Filter>
    <Filter Include="Header Files">
      <UniqueIdentifier>{93995380-89BD-4b04-88EB-625FBE52EBFB}</UniqueIdentifier>
      <Extensions>h;hpp;hxx;hm;inl;inc;xsd</Extensions>
    </Filter>
    <Filter Include="Header Files">
      <UniqueIdentifier>{93995380-89BD-4b04-88EB-625FBE52EBFB}</UniqueIdentifier>
      <Extensions>h;hpp;hxx;hm;inl;inc;xsd</Extensions>
    </Filter>
    <Filter Include="Source Files">
      <UniqueIdentifier>{4FC737F1-C7A5-4376-A066-2A32D752A2FF}</UniqueIdentifier>
      <Extensions>cpp;c;cxx;def;odl;idl;hpj;bat;asm;asmx</Extensions>
    </Filter>
    <Filter Include="Source Files">
      <UniqueIdentifier>{4FC737F1-C7A5-4376-A066-2A32D752A2FF}</UniqueIdentifier>
      <Extensions>cpp;c;cxx;def;odl;idl;hpj;bat;asm;asmx</Extensions>
    </Filter>
    <Filter Include="Distribution Files">
      <UniqueIdentifier>{B83CAF91-C7BF-462F-B76C-EA11631F866C}</UniqueIdentifier>
      <Extensions>*</Extensions>
      <ParseFiles>false</ParseFiles>
    </Filter>
    <Filter Include="Distribution Files">
      <UniqueIdentifier>{B83CAF91-C7BF-462F-B76C-EA11631F866C}</UniqueIdentifier>
      <Extensions>*</Extensions>
      <ParseFiles>false</ParseFiles>
    </Filter>
  </ItemGroup>
  <ItemGroup>
    <ClCompile Include="load\moderator\baseloadmoderator.cpp">
      <Filter>Source Files</Filter>
    </ClCompile>
    <ClCompile Include="objects\camera.cpp">
      <Filter>Source Files</Filter>
    </ClCompile>
    <ClCompile Include="load\builder\camerabuilder.cpp">
      <Filter>Source Files</Filter>
    </ClCompile>
    <ClCompile Include="commands\cameracommand.cpp">
      <Filter>Source Files</Filter>
    </ClCompile>
    <ClCompile Include="load\moderator\cameraloadmoderator.cpp">
      <Filter>Source Files</Filter>
    </ClCompile>
    <ClCompile Include="load\moderator\cameraloadmoderatorcreator.cpp">
      <Filter>Source Files</Filter>
    </ClCompile>
    <ClCompile Include="objects\composite.cpp">
      <Filter>Source Files</Filter>
    </ClCompile>
    <ClCompile Include="managers\draw\drawmanager.cpp">
      <Filter>Source Files</Filter>
    </ClCompile>
    <ClCompile Include="managers\draw\drawmanagercreator.cpp">
      <Filter>Source Files</Filter>
    </ClCompile>
    <ClCompile Include="managers\draw\drawvisitor.cpp">
      <Filter>Source Files</Filter>
    </ClCompile>
    <ClCompile Include="managers\draw\drawvisitorcreator.cpp">
      <Filter>Source Files</Filter>
    </ClCompile>
    <ClCompile Include="facade\facade.cpp">
      <Filter>Source Files</Filter>
    </ClCompile>
    <ClCompile Include="load\loader\filecameraloader.cpp">
      <Filter>Source Files</Filter>
    </ClCompile>
    <ClCompile Include="load\loader\filemodelloader.cpp">
      <Filter>Source Files</Filter>
    </ClCompile>
    <ClCompile Include="load\loader\filesceneloader.cpp">
      <Filter>Source Files</Filter>
    </ClCompile>
    <ClCompile Include="objects\link.cpp">
      <Filter>Source Files</Filter>
    </ClCompile>
    <ClCompile Include="managers\load\loadmanager.cpp">
      <Filter>Source Files</Filter>
    </ClCompile>
    <ClCompile Include="managers\load\loadmanagercreator.cpp">
      <Filter>Source Files</Filter>
    </ClCompile>
    <ClCompile Include="main.cpp">
      <Filter>Source Files</Filter>
    </ClCompile>
    <ClCompile Include="mainwindow.cpp">
      <Filter>Source Files</Filter>
    </ClCompile>
    <ClCompile Include="objects\model.cpp">
      <Filter>Source Files</Filter>
    </ClCompile>
    <ClCompile Include="load\builder\modelbuilder.cpp">
      <Filter>Source Files</Filter>
    </ClCompile>
    <ClCompile Include="commands\modelcommand.cpp">
      <Filter>Source Files</Filter>
    </ClCompile>
    <ClCompile Include="load\moderator\modelloadmoderator.cpp">
      <Filter>Source Files</Filter>
    </ClCompile>
    <ClCompile Include="load\moderator\modelloadmoderatorcreator.cpp">
      <Filter>Source Files</Filter>
    </ClCompile>
    <ClCompile Include="objects\modelstructure.cpp">
      <Filter>Source Files</Filter>
    </ClCompile>
    <ClCompile Include="objects\object.cpp">
      <Filter>Source Files</Filter>
    </ClCompile>
    <ClCompile Include="drawer\qtdrawer.cpp">
      <Filter>Source Files</Filter>
    </ClCompile>
    <ClCompile Include="drawer\qtfactory.cpp">
      <Filter>Source Files</Filter>
    </ClCompile>
    <ClCompile Include="scene\scene.cpp">
      <Filter>Source Files</Filter>
    </ClCompile>
    <ClCompile Include="load\builder\scenebuilder.cpp">
      <Filter>Source Files</Filter>
    </ClCompile>
    <ClCompile Include="commands\scenecommand.cpp">
      <Filter>Source Files</Filter>
    </ClCompile>
    <ClCompile Include="load\moderator\sceneloadmoderator.cpp">
      <Filter>Source Files</Filter>
    </ClCompile>
    <ClCompile Include="load\moderator\sceneloadmoderatorcreator.cpp">
      <Filter>Source Files</Filter>
    </ClCompile>
    <ClCompile Include="managers\scene\scenemanager.cpp">
      <Filter>Source Files</Filter>
    </ClCompile>
    <ClCompile Include="managers\scene\scenemanagercreator.cpp">
      <Filter>Source Files</Filter>
    </ClCompile>
    <ClCompile Include="managers\transform\transformmanager.cpp">
      <Filter>Source Files</Filter>
    </ClCompile>
    <ClCompile Include="managers\transform\transformmanagercreator.cpp">
      <Filter>Source Files</Filter>
    </ClCompile>
    <ClCompile Include="objects\vertex.cpp">
      <Filter>Source Files</Filter>
    </ClCompile>
  </ItemGroup>
  <ItemGroup>
    <ClInclude Include="load\builder\basebuilder.h">
      <Filter>Header Files</Filter>
    </ClInclude>
    <ClInclude Include="load\loader\basecameraloader.h">
      <Filter>Header Files</Filter>
    </ClInclude>
    <ClInclude Include="commands\basecommand.h">
      <Filter>Header Files</Filter>
    </ClInclude>
    <ClInclude Include="drawer\basedrawer.h">
      <Filter>Header Files</Filter>
    </ClInclude>
    <ClInclude Include="load\loader\baseloader.h">
      <Filter>Header Files</Filter>
    </ClInclude>
    <ClInclude Include="load\moderator\baseloadmoderator.h">
      <Filter>Header Files</Filter>
    </ClInclude>
    <ClInclude Include="managers\basemanager.h">
      <Filter>Header Files</Filter>
    </ClInclude>
    <ClInclude Include="load\loader\basemodelloader.h">
      <Filter>Header Files</Filter>
    </ClInclude>
    <ClInclude Include="load\loader\basesceneloader.h">
      <Filter>Header Files</Filter>
    </ClInclude>
    <ClInclude Include="objects\camera.h">
      <Filter>Header Files</Filter>
    </ClInclude>
    <ClInclude Include="load\builder\camerabuilder.h">
      <Filter>Header Files</Filter>
    </ClInclude>
    <ClInclude Include="commands\cameracommand.h">
      <Filter>Header Files</Filter>
    </ClInclude>
    <ClInclude Include="load\moderator\cameraloadmoderator.h">
      <Filter>Header Files</Filter>
    </ClInclude>
    <ClInclude Include="load\moderator\cameraloadmoderatorcreator.h">
      <Filter>Header Files</Filter>
    </ClInclude>
    <ClInclude Include="objects\composite.h">
      <Filter>Header Files</Filter>
    </ClInclude>
    <ClInclude Include="drawer\drawerfactory.h">
      <Filter>Header Files</Filter>
    </ClInclude>
    <ClInclude Include="managers\draw\drawmanager.h">
      <Filter>Header Files</Filter>
    </ClInclude>
    <ClInclude Include="managers\draw\drawmanagercreator.h">
      <Filter>Header Files</Filter>
    </ClInclude>
    <ClInclude Include="managers\draw\drawvisitor.h">
      <Filter>Header Files</Filter>
    </ClInclude>
    <ClInclude Include="managers\draw\drawvisitorcreator.h">
      <Filter>Header Files</Filter>
    </ClInclude>
    <ClInclude Include="exceptions\exceptions.h">
      <Filter>Header Files</Filter>
    </ClInclude>
    <ClInclude Include="facade\facade.h">
      <Filter>Header Files</Filter>
    </ClInclude>
    <ClInclude Include="load\loader\filecameraloader.h">
      <Filter>Header Files</Filter>
    </ClInclude>
    <ClInclude Include="load\loader\filemodelloader.h">
      <Filter>Header Files</Filter>
    </ClInclude>
    <ClInclude Include="load\loader\filesceneloader.h">
      <Filter>Header Files</Filter>
    </ClInclude>
    <ClInclude Include="objects\link.h">
      <Filter>Header Files</Filter>
    </ClInclude>
    <ClInclude Include="managers\load\loadmanager.h">
      <Filter>Header Files</Filter>
    </ClInclude>
    <ClInclude Include="managers\load\loadmanagercreator.h">
      <Filter>Header Files</Filter>
    </ClInclude>
    <QtMoc Include="mainwindow.h">
      <Filter>Header Files</Filter>
    </QtMoc>
    <ClInclude Include="objects\model.h">
      <Filter>Header Files</Filter>
    </ClInclude>
    <ClInclude Include="load\builder\modelbuilder.h">
      <Filter>Header Files</Filter>
    </ClInclude>
    <ClInclude Include="commands\modelcommand.h">
      <Filter>Header Files</Filter>
    </ClInclude>
    <ClInclude Include="load\moderator\modelloadmoderator.h">
      <Filter>Header Files</Filter>
    </ClInclude>
    <ClInclude Include="load\moderator\modelloadmoderatorcreator.h">
      <Filter>Header Files</Filter>
    </ClInclude>
    <ClInclude Include="objects\modelstructure.h">
      <Filter>Header Files</Filter>
    </ClInclude>
    <ClInclude Include="objects\object.h">
      <Filter>Header Files</Filter>
    </ClInclude>
    <ClInclude Include="drawer\qtdrawer.h">
      <Filter>Header Files</Filter>
    </ClInclude>
    <ClInclude Include="drawer\qtfactory.h">
      <Filter>Header Files</Filter>
    </ClInclude>
    <ClInclude Include="scene\scene.h">
      <Filter>Header Files</Filter>
    </ClInclude>
    <ClInclude Include="load\builder\scenebuilder.h">
      <Filter>Header Files</Filter>
    </ClInclude>
    <ClInclude Include="commands\scenecommand.h">
      <Filter>Header Files</Filter>
    </ClInclude>
    <ClInclude Include="load\moderator\sceneloadmoderator.h">
      <Filter>Header Files</Filter>
    </ClInclude>
    <ClInclude Include="load\moderator\sceneloadmoderatorcreator.h">
      <Filter>Header Files</Filter>
    </ClInclude>
    <ClInclude Include="managers\scene\scenemanager.h">
      <Filter>Header Files</Filter>
    </ClInclude>
    <ClInclude Include="managers\scene\scenemanagercreator.h">
      <Filter>Header Files</Filter>
    </ClInclude>
    <ClInclude Include="managers\transform\transformmanager.h">
      <Filter>Header Files</Filter>
    </ClInclude>
    <ClInclude Include="managers\transform\transformmanagercreator.h">
      <Filter>Header Files</Filter>
    </ClInclude>
    <ClInclude Include="objects\vertex.h">
      <Filter>Header Files</Filter>
    </ClInclude>
    <ClInclude Include="managers\draw\visitor.h">
      <Filter>Header Files</Filter>
    </ClInclude>
  </ItemGroup>
  <ItemGroup>
    <CustomBuild Include="debug\moc_predefs.h.cbt">
      <Filter>Generated Files</Filter>
    </CustomBuild>
    <CustomBuild Include="release\moc_predefs.h.cbt">
      <Filter>Generated Files</Filter>
    </CustomBuild>
  </ItemGroup>
  <ItemGroup>
    <QtUic Include="mainwindow.ui">
      <Filter>Form Files</Filter>
    </QtUic>
  </ItemGroup>
  <ItemGroup>
    <None Include="data\cone.txt">
      <Filter>Distribution Files</Filter>
    </None>
    <None Include="data\cube.txt">
      <Filter>Distribution Files</Filter>
    </None>
    <None Include="data\tesseract.txt">
      <Filter>Distribution Files</Filter>
    </None>
    <None Include="ClassDiagram.cd">
      <Filter>Distribution Files</Filter>
    </None>
  </ItemGroup>
</Project>